
Microsoft Visual Studio Solution File, Format Version 12.00
# Visual Studio Version 17
VisualStudioVersion = 17.10.35122.118
MinimumVisualStudioVersion = 10.0.40219.1
Project("{FAE04EC0-301F-11D3-BF4B-00C04F79EFBC}") = "Tasl46", "Tasl46.csproj", "{3C534EDD-D1F5-4AC9-B841-62E868495607}"
EndProject
Global
	GlobalSection(SolutionConfigurationPlatforms) = preSolution
		Debug|Any CPU = Debug|Any CPU
		Release|Any CPU = Release|Any CPU
	EndGlobalSection
	GlobalSection(ProjectConfigurationPlatforms) = postSolution
		{3C534EDD-D1F5-4AC9-B841-62E868495607}.Debug|Any CPU.ActiveCfg = Debug|Any CPU
		{3C534EDD-D1F5-4AC9-B841-62E868495607}.Debug|Any CPU.Build.0 = Debug|Any CPU
		{3C534EDD-D1F5-4AC9-B841-62E868495607}.Release|Any CPU.ActiveCfg = Release|Any CPU
		{3C534EDD-D1F5-4AC9-B841-62E868495607}.Release|Any CPU.Build.0 = Release|Any CPU
	EndGlobalSection
	GlobalSection(SolutionProperties) = preSolution
		HideSolutionNode = FALSE
	EndGlobalSection
	GlobalSection(ExtensibilityGlobals) = postSolution
		SolutionGuid = {4296ABAD-5D2D-4BE8-95C3-4855BAAF1529}
	EndGlobalSection
EndGlobal
